
Microsoft Visual Studio Solution File, Format Version 12.00
# Visual Studio Version 17
VisualStudioVersion = 17.9.34728.123
MinimumVisualStudioVersion = 10.0.40219.1
Project("{2150E333-8FDC-42A3-9474-1A3956D46DE8}") = "Service", "Service", "{16EBDBE7-A1D3-4886-BC82-85CFC934C3A6}"
EndProject
Project("{2150E333-8FDC-42A3-9474-1A3956D46DE8}") = "FrontEnd", "FrontEnd", "{548726E0-3A68-49B0-B11C-789C0D53296C}"
EndProject
Project("{9A19103F-16F7-4668-BE54-9A1E7A4F7556}") = "GeekShopping.Web", "GeekShopping.Web\GeekShopping.Web.csproj", "{4C388286-1F98-4879-B849-78F87C5930B0}"
EndProject
Project("{9A19103F-16F7-4668-BE54-9A1E7A4F7556}") = "GeekShopping.IdentityServer", "GeekShopping.IdentityServer\GeekShopping.IdentityServer.csproj", "{D97EE10F-8BFB-4D42-B083-19F43E9F33A5}"
EndProject
Project("{9A19103F-16F7-4668-BE54-9A1E7A4F7556}") = "GeekShopping.ProductApi", "GeekShopping.ProductApi\GeekShopping.ProductApi.csproj", "{64EF72DA-0ACD-432A-91D7-B63F0E45974D}"
EndProject
Project("{9A19103F-16F7-4668-BE54-9A1E7A4F7556}") = "GeekShopping.CartAPI", "GeekShopping.CartAPI\GeekShopping.CartAPI.csproj", "{D0796898-C0BE-4A4B-AE44-62AB07B8EE1F}"
EndProject
Project("{9A19103F-16F7-4668-BE54-9A1E7A4F7556}") = "GeekShopping.CouponAPI", "GeekShopping.CouponAPI\GeekShopping.CouponAPI.csproj", "{05E61997-F0F7-46D2-808D-36D406895F7D}"
EndProject
Project("{2150E333-8FDC-42A3-9474-1A3956D46DE8}") = "Integration", "Integration", "{BAA66F58-199C-4980-869A-05C87BC9A18F}"
EndProject
Project("{9A19103F-16F7-4668-BE54-9A1E7A4F7556}") = "GeekShopping.MessageBus", "GeekShopping.MessageBus\GeekShopping.MessageBus.csproj", "{1A29780D-41B3-4812-AB87-E789155FD669}"
EndProject
Project("{9A19103F-16F7-4668-BE54-9A1E7A4F7556}") = "GeekShopping.OrderApi", "GeekShopping.OrderApi\GeekShopping.OrderApi.csproj", "{454B05E8-F7A6-4E4A-AAF7-8A04F0D51116}"
EndProject
Project("{2150E333-8FDC-42A3-9474-1A3956D46DE8}") = "Payaments", "Payaments", "{370E2A73-DEF0-4824-BD32-0FCD5F052746}"
EndProject
Project("{9A19103F-16F7-4668-BE54-9A1E7A4F7556}") = "GeekShopping.PayamentProcessor", "GeekShopping.PayamentProcessor\GeekShopping.PayamentProcessor.csproj", "{ECC2AC39-B058-41A4-81F5-82680C8C2276}"
EndProject
Project("{FAE04EC0-301F-11D3-BF4B-00C04F79EFBC}") = "GeekShopping.PaymentAPI", "GeekShopping.PaymentAPI\GeekShopping.PaymentAPI.csproj", "{3DC3BE25-6608-4BDC-8DC6-6E71A676C217}"
EndProject
Project("{9A19103F-16F7-4668-BE54-9A1E7A4F7556}") = "GeekShopping.Email", "GeekShopping.Email\GeekShopping.Email.csproj", "{060B6ECE-2712-424C-8D71-178723381B59}"
EndProject
Project("{2150E333-8FDC-42A3-9474-1A3956D46DE8}") = "Gateway", "Gateway", "{0B2BE49F-F9ED-46CC-A2F9-75397CF6D9AD}"
EndProject
Project("{FAE04EC0-301F-11D3-BF4B-00C04F79EFBC}") = "GeekShopping.Gateway", "GeekShopping.Gateway\GeekShopping.Gateway.csproj", "{4154A13B-ACA6-44AB-9333-DD07E445ACCF}"
EndProject
Global
	GlobalSection(SolutionConfigurationPlatforms) = preSolution
		Debug|Any CPU = Debug|Any CPU
		Release|Any CPU = Release|Any CPU
	EndGlobalSection
	GlobalSection(ProjectConfigurationPlatforms) = postSolution
		{4C388286-1F98-4879-B849-78F87C5930B0}.Debug|Any CPU.ActiveCfg = Debug|Any CPU
		{4C388286-1F98-4879-B849-78F87C5930B0}.Debug|Any CPU.Build.0 = Debug|Any CPU
		{4C388286-1F98-4879-B849-78F87C5930B0}.Release|Any CPU.ActiveCfg = Release|Any CPU
		{4C388286-1F98-4879-B849-78F87C5930B0}.Release|Any CPU.Build.0 = Release|Any CPU
		{D97EE10F-8BFB-4D42-B083-19F43E9F33A5}.Debug|Any CPU.ActiveCfg = Debug|Any CPU
		{D97EE10F-8BFB-4D42-B083-19F43E9F33A5}.Debug|Any CPU.Build.0 = Debug|Any CPU
		{D97EE10F-8BFB-4D42-B083-19F43E9F33A5}.Release|Any CPU.ActiveCfg = Release|Any CPU
		{D97EE10F-8BFB-4D42-B083-19F43E9F33A5}.Release|Any CPU.Build.0 = Release|Any CPU
		{64EF72DA-0ACD-432A-91D7-B63F0E45974D}.Debug|Any CPU.ActiveCfg = Debug|Any CPU
		{64EF72DA-0ACD-432A-91D7-B63F0E45974D}.Debug|Any CPU.Build.0 = Debug|Any CPU
		{64EF72DA-0ACD-432A-91D7-B63F0E45974D}.Release|Any CPU.ActiveCfg = Release|Any CPU
		{64EF72DA-0ACD-432A-91D7-B63F0E45974D}.Release|Any CPU.Build.0 = Release|Any CPU
		{D0796898-C0BE-4A4B-AE44-62AB07B8EE1F}.Debug|Any CPU.ActiveCfg = Debug|Any CPU
		{D0796898-C0BE-4A4B-AE44-62AB07B8EE1F}.Debug|Any CPU.Build.0 = Debug|Any CPU
		{D0796898-C0BE-4A4B-AE44-62AB07B8EE1F}.Release|Any CPU.ActiveCfg = Release|Any CPU
		{D0796898-C0BE-4A4B-AE44-62AB07B8EE1F}.Release|Any CPU.Build.0 = Release|Any CPU
		{05E61997-F0F7-46D2-808D-36D406895F7D}.Debug|Any CPU.ActiveCfg = Debug|Any CPU
		{05E61997-F0F7-46D2-808D-36D406895F7D}.Debug|Any CPU.Build.0 = Debug|Any CPU
		{05E61997-F0F7-46D2-808D-36D406895F7D}.Release|Any CPU.ActiveCfg = Release|Any CPU
		{05E61997-F0F7-46D2-808D-36D406895F7D}.Release|Any CPU.Build.0 = Release|Any CPU
		{1A29780D-41B3-4812-AB87-E789155FD669}.Debug|Any CPU.ActiveCfg = Debug|Any CPU
		{1A29780D-41B3-4812-AB87-E789155FD669}.Debug|Any CPU.Build.0 = Debug|Any CPU
		{1A29780D-41B3-4812-AB87-E789155FD669}.Release|Any CPU.ActiveCfg = Release|Any CPU
		{1A29780D-41B3-4812-AB87-E789155FD669}.Release|Any CPU.Build.0 = Release|Any CPU
		{454B05E8-F7A6-4E4A-AAF7-8A04F0D51116}.Debug|Any CPU.ActiveCfg = Debug|Any CPU
		{454B05E8-F7A6-4E4A-AAF7-8A04F0D51116}.Debug|Any CPU.Build.0 = Debug|Any CPU
		{454B05E8-F7A6-4E4A-AAF7-8A04F0D51116}.Release|Any CPU.ActiveCfg = Release|Any CPU
		{454B05E8-F7A6-4E4A-AAF7-8A04F0D51116}.Release|Any CPU.Build.0 = Release|Any CPU
		{ECC2AC39-B058-41A4-81F5-82680C8C2276}.Debug|Any CPU.ActiveCfg = Debug|Any CPU
		{ECC2AC39-B058-41A4-81F5-82680C8C2276}.Debug|Any CPU.Build.0 = Debug|Any CPU
		{ECC2AC39-B058-41A4-81F5-82680C8C2276}.Release|Any CPU.ActiveCfg = Release|Any CPU
		{ECC2AC39-B058-41A4-81F5-82680C8C2276}.Release|Any CPU.Build.0 = Release|Any CPU
		{3DC3BE25-6608-4BDC-8DC6-6E71A676C217}.Debug|Any CPU.ActiveCfg = Debug|Any CPU
		{3DC3BE25-6608-4BDC-8DC6-6E71A676C217}.Debug|Any CPU.Build.0 = Debug|Any CPU
		{3DC3BE25-6608-4BDC-8DC6-6E71A676C217}.Release|Any CPU.ActiveCfg = Release|Any CPU
		{3DC3BE25-6608-4BDC-8DC6-6E71A676C217}.Release|Any CPU.Build.0 = Release|Any CPU
		{060B6ECE-2712-424C-8D71-178723381B59}.Debug|Any CPU.ActiveCfg = Debug|Any CPU
		{060B6ECE-2712-424C-8D71-178723381B59}.Debug|Any CPU.Build.0 = Debug|Any CPU
		{060B6ECE-2712-424C-8D71-178723381B59}.Release|Any CPU.ActiveCfg = Release|Any CPU
		{060B6ECE-2712-424C-8D71-178723381B59}.Release|Any CPU.Build.0 = Release|Any CPU
		{4154A13B-ACA6-44AB-9333-DD07E445ACCF}.Debug|Any CPU.ActiveCfg = Debug|Any CPU
		{4154A13B-ACA6-44AB-9333-DD07E445ACCF}.Debug|Any CPU.Build.0 = Debug|Any CPU
		{4154A13B-ACA6-44AB-9333-DD07E445ACCF}.Release|Any CPU.ActiveCfg = Release|Any CPU
		{4154A13B-ACA6-44AB-9333-DD07E445ACCF}.Release|Any CPU.Build.0 = Release|Any CPU
	EndGlobalSection
	GlobalSection(SolutionProperties) = preSolution
		HideSolutionNode = FALSE
	EndGlobalSection
	GlobalSection(NestedProjects) = preSolution
		{4C388286-1F98-4879-B849-78F87C5930B0} = {548726E0-3A68-49B0-B11C-789C0D53296C}
		{D97EE10F-8BFB-4D42-B083-19F43E9F33A5} = {16EBDBE7-A1D3-4886-BC82-85CFC934C3A6}
		{64EF72DA-0ACD-432A-91D7-B63F0E45974D} = {16EBDBE7-A1D3-4886-BC82-85CFC934C3A6}
		{D0796898-C0BE-4A4B-AE44-62AB07B8EE1F} = {16EBDBE7-A1D3-4886-BC82-85CFC934C3A6}
		{05E61997-F0F7-46D2-808D-36D406895F7D} = {16EBDBE7-A1D3-4886-BC82-85CFC934C3A6}
		{1A29780D-41B3-4812-AB87-E789155FD669} = {BAA66F58-199C-4980-869A-05C87BC9A18F}
		{454B05E8-F7A6-4E4A-AAF7-8A04F0D51116} = {16EBDBE7-A1D3-4886-BC82-85CFC934C3A6}
		{ECC2AC39-B058-41A4-81F5-82680C8C2276} = {370E2A73-DEF0-4824-BD32-0FCD5F052746}
		{3DC3BE25-6608-4BDC-8DC6-6E71A676C217} = {16EBDBE7-A1D3-4886-BC82-85CFC934C3A6}
		{060B6ECE-2712-424C-8D71-178723381B59} = {16EBDBE7-A1D3-4886-BC82-85CFC934C3A6}
		{4154A13B-ACA6-44AB-9333-DD07E445ACCF} = {0B2BE49F-F9ED-46CC-A2F9-75397CF6D9AD}
	EndGlobalSection
	GlobalSection(ExtensibilityGlobals) = postSolution
		SolutionGuid = {E4D2103D-E7C8-422D-9F31-65BF12D1D4E4}
	EndGlobalSection
EndGlobal
